
Microsoft Visual Studio Solution File, Format Version 12.00
# Visual Studio 14
VisualStudioVersion = 14.0.23107.0
MinimumVisualStudioVersion = 10.0.40219.1
Project("{FAE04EC0-301F-11D3-BF4B-00C04F79EFBC}") = "Summerland.Tests", "Summerland.Tests\Summerland.Tests.csproj", "{04091106-BA66-4ED7-A0C5-2B346D4FB6A3}"
EndProject
Project("{FAE04EC0-301F-11D3-BF4B-00C04F79EFBC}") = "Summerland.Web", "Summerland.Web\Summerland.Web.csproj", "{793C6A0C-4348-4434-9CC5-AE5F7DA85E80}"
EndProject
Project("{FAE04EC0-301F-11D3-BF4B-00C04F79EFBC}") = "Summerland.BL", "Summerland.BL\Summerland.BL.csproj", "{93BF283D-D491-45A3-AFFB-EC887BA0A2A8}"
EndProject
Project("{FAE04EC0-301F-11D3-BF4B-00C04F79EFBC}") = "Summerland.Ping", "Summerland.Ping\Summerland.Ping.csproj", "{C1DA1D5E-22CD-4612-92AA-C9116463718F}"
EndProject
Global
	GlobalSection(SolutionConfigurationPlatforms) = preSolution
		Debug|Any CPU = Debug|Any CPU
		Release|Any CPU = Release|Any CPU
	EndGlobalSection
	GlobalSection(ProjectConfigurationPlatforms) = postSolution
		{04091106-BA66-4ED7-A0C5-2B346D4FB6A3}.Debug|Any CPU.ActiveCfg = Debug|Any CPU
		{04091106-BA66-4ED7-A0C5-2B346D4FB6A3}.Debug|Any CPU.Build.0 = Debug|Any CPU
		{04091106-BA66-4ED7-A0C5-2B346D4FB6A3}.Release|Any CPU.ActiveCfg = Release|Any CPU
		{04091106-BA66-4ED7-A0C5-2B346D4FB6A3}.Release|Any CPU.Build.0 = Release|Any CPU
		{793C6A0C-4348-4434-9CC5-AE5F7DA85E80}.Debug|Any CPU.ActiveCfg = Debug|Any CPU
		{793C6A0C-4348-4434-9CC5-AE5F7DA85E80}.Debug|Any CPU.Build.0 = Debug|Any CPU
		{793C6A0C-4348-4434-9CC5-AE5F7DA85E80}.Release|Any CPU.ActiveCfg = Release|Any CPU
		{793C6A0C-4348-4434-9CC5-AE5F7DA85E80}.Release|Any CPU.Build.0 = Release|Any CPU
		{93BF283D-D491-45A3-AFFB-EC887BA0A2A8}.Debug|Any CPU.ActiveCfg = Debug|Any CPU
		{93BF283D-D491-45A3-AFFB-EC887BA0A2A8}.Debug|Any CPU.Build.0 = Debug|Any CPU
		{93BF283D-D491-45A3-AFFB-EC887BA0A2A8}.Release|Any CPU.ActiveCfg = Release|Any CPU
		{93BF283D-D491-45A3-AFFB-EC887BA0A2A8}.Release|Any CPU.Build.0 = Release|Any CPU
		{C1DA1D5E-22CD-4612-92AA-C9116463718F}.Debug|Any CPU.ActiveCfg = Debug|Any CPU
		{C1DA1D5E-22CD-4612-92AA-C9116463718F}.Debug|Any CPU.Build.0 = Debug|Any CPU
		{C1DA1D5E-22CD-4612-92AA-C9116463718F}.Release|Any CPU.ActiveCfg = Release|Any CPU
		{C1DA1D5E-22CD-4612-92AA-C9116463718F}.Release|Any CPU.Build.0 = Release|Any CPU
	EndGlobalSection
	GlobalSection(SolutionProperties) = preSolution
		HideSolutionNode = FALSE
	EndGlobalSection
	GlobalSection(ExtensibilityGlobals) = postSolution
		VisualSVNWorkingCopyRoot = .
	EndGlobalSection
EndGlobal
